// !$*UTF8*$!
{
	archiveVersion = 1;
	classes = {
	};
	objectVersion = 50;
	objects = {

/* Begin PBXBuildFile section */
		6A7A77FC23823A2D00347F97 /* URLProtocolStub.swift in Sources */ = {isa = PBXBuildFile; fileRef = 6A7A77FB23823A2D00347F97 /* URLProtocolStub.swift */; };
		6A7A784523844C1900347F97 /* EssentialFeedAPIEndToEndTests.swift in Sources */ = {isa = PBXBuildFile; fileRef = 6A7A784423844C1900347F97 /* EssentialFeedAPIEndToEndTests.swift */; };
		6A7A784723844C1900347F97 /* EssentialFeed.framework in Frameworks */ = {isa = PBXBuildFile; fileRef = 6A91BE7E22F975C800B37187 /* EssentialFeed.framework */; };
		6A91BE8822F975C900B37187 /* EssentialFeed.framework in Frameworks */ = {isa = PBXBuildFile; fileRef = 6A91BE7E22F975C800B37187 /* EssentialFeed.framework */; };
		6A91BE9922F9761F00B37187 /* FeedItem.swift in Sources */ = {isa = PBXBuildFile; fileRef = 6A91BE9822F9761F00B37187 /* FeedItem.swift */; };
		6A91BE9B22F976B800B37187 /* FeedLoader.swift in Sources */ = {isa = PBXBuildFile; fileRef = 6A91BE9A22F976B800B37187 /* FeedLoader.swift */; };
		6A91BE9E22FA8DE200B37187 /* RemoteFeedLoaderTests.swift in Sources */ = {isa = PBXBuildFile; fileRef = 6A91BE9D22FA8DE200B37187 /* RemoteFeedLoaderTests.swift */; };
		6A91BEA122FB145400B37187 /* RemoteFeedLoader.swift in Sources */ = {isa = PBXBuildFile; fileRef = 6A91BEA022FB145400B37187 /* RemoteFeedLoader.swift */; };
		6A91BEA322FB145D00B37187 /* HTTPClient.swift in Sources */ = {isa = PBXBuildFile; fileRef = 6A91BEA222FB145D00B37187 /* HTTPClient.swift */; };
		6AD6B0222336EF73004C9471 /* FeedItemMapper.swift in Sources */ = {isa = PBXBuildFile; fileRef = 6AD6B0212336EF73004C9471 /* FeedItemMapper.swift */; };
		6AD6B025233C2FED004C9471 /* URLSessionHTTPClientTests.swift in Sources */ = {isa = PBXBuildFile; fileRef = 6AD6B024233C2FED004C9471 /* URLSessionHTTPClientTests.swift */; };
		6ADA9E682349535900C8F98C /* XCTestCase+MemoryLeakTraking.swift in Sources */ = {isa = PBXBuildFile; fileRef = 6ADA9E672349535900C8F98C /* XCTestCase+MemoryLeakTraking.swift */; };
		6ADA9E6A2349771A00C8F98C /* URLSessionHTTPClient.swift in Sources */ = {isa = PBXBuildFile; fileRef = 6ADA9E692349771A00C8F98C /* URLSessionHTTPClient.swift */; };
/* End PBXBuildFile section */

/* Begin PBXContainerItemProxy section */
		6A7A784823844C1900347F97 /* PBXContainerItemProxy */ = {
			isa = PBXContainerItemProxy;
			containerPortal = 6A91BE7522F975C800B37187 /* Project object */;
			proxyType = 1;
			remoteGlobalIDString = 6A91BE7D22F975C800B37187;
			remoteInfo = EssentialFeed;
		};
		6A91BE8922F975C900B37187 /* PBXContainerItemProxy */ = {
			isa = PBXContainerItemProxy;
			containerPortal = 6A91BE7522F975C800B37187 /* Project object */;
			proxyType = 1;
			remoteGlobalIDString = 6A91BE7D22F975C800B37187;
			remoteInfo = EssentialFeed;
		};
/* End PBXContainerItemProxy section */

/* Begin PBXFileReference section */
		6A7A77FB23823A2D00347F97 /* URLProtocolStub.swift */ = {isa = PBXFileReference; lastKnownFileType = sourcecode.swift; path = URLProtocolStub.swift; sourceTree = "<group>"; };
		6A7A784223844C1900347F97 /* EssentialFeedAPIEndToEndTests.xctest */ = {isa = PBXFileReference; explicitFileType = wrapper.cfbundle; includeInIndex = 0; path = EssentialFeedAPIEndToEndTests.xctest; sourceTree = BUILT_PRODUCTS_DIR; };
		6A7A784423844C1900347F97 /* EssentialFeedAPIEndToEndTests.swift */ = {isa = PBXFileReference; lastKnownFileType = sourcecode.swift; path = EssentialFeedAPIEndToEndTests.swift; sourceTree = "<group>"; };
		6A7A784623844C1900347F97 /* Info.plist */ = {isa = PBXFileReference; lastKnownFileType = text.plist.xml; path = Info.plist; sourceTree = "<group>"; };
		6A91BE7E22F975C800B37187 /* EssentialFeed.framework */ = {isa = PBXFileReference; explicitFileType = wrapper.framework; includeInIndex = 0; path = EssentialFeed.framework; sourceTree = BUILT_PRODUCTS_DIR; };
		6A91BE8222F975C800B37187 /* Info.plist */ = {isa = PBXFileReference; lastKnownFileType = text.plist.xml; path = Info.plist; sourceTree = "<group>"; };
		6A91BE8722F975C900B37187 /* EssentialFeedTests.xctest */ = {isa = PBXFileReference; explicitFileType = wrapper.cfbundle; includeInIndex = 0; path = EssentialFeedTests.xctest; sourceTree = BUILT_PRODUCTS_DIR; };
		6A91BE8E22F975C900B37187 /* Info.plist */ = {isa = PBXFileReference; lastKnownFileType = text.plist.xml; path = Info.plist; sourceTree = "<group>"; };
		6A91BE9822F9761F00B37187 /* FeedItem.swift */ = {isa = PBXFileReference; lastKnownFileType = sourcecode.swift; path = FeedItem.swift; sourceTree = "<group>"; };
		6A91BE9A22F976B800B37187 /* FeedLoader.swift */ = {isa = PBXFileReference; lastKnownFileType = sourcecode.swift; path = FeedLoader.swift; sourceTree = "<group>"; };
		6A91BE9D22FA8DE200B37187 /* RemoteFeedLoaderTests.swift */ = {isa = PBXFileReference; lastKnownFileType = sourcecode.swift; path = RemoteFeedLoaderTests.swift; sourceTree = "<group>"; };
		6A91BEA022FB145400B37187 /* RemoteFeedLoader.swift */ = {isa = PBXFileReference; lastKnownFileType = sourcecode.swift; path = RemoteFeedLoader.swift; sourceTree = "<group>"; };
		6A91BEA222FB145D00B37187 /* HTTPClient.swift */ = {isa = PBXFileReference; lastKnownFileType = sourcecode.swift; path = HTTPClient.swift; sourceTree = "<group>"; };
		6AD6B0212336EF73004C9471 /* FeedItemMapper.swift */ = {isa = PBXFileReference; lastKnownFileType = sourcecode.swift; path = FeedItemMapper.swift; sourceTree = "<group>"; };
		6AD6B024233C2FED004C9471 /* URLSessionHTTPClientTests.swift */ = {isa = PBXFileReference; lastKnownFileType = sourcecode.swift; path = URLSessionHTTPClientTests.swift; sourceTree = "<group>"; };
		6ADA9E672349535900C8F98C /* XCTestCase+MemoryLeakTraking.swift */ = {isa = PBXFileReference; lastKnownFileType = sourcecode.swift; path = "XCTestCase+MemoryLeakTraking.swift"; sourceTree = "<group>"; };
		6ADA9E692349771A00C8F98C /* URLSessionHTTPClient.swift */ = {isa = PBXFileReference; lastKnownFileType = sourcecode.swift; path = URLSessionHTTPClient.swift; sourceTree = "<group>"; };
/* End PBXFileReference section */

/* Begin PBXFrameworksBuildPhase section */
		6A7A783F23844C1900347F97 /* Frameworks */ = {
			isa = PBXFrameworksBuildPhase;
			buildActionMask = 2147483647;
			files = (
				6A7A784723844C1900347F97 /* EssentialFeed.framework in Frameworks */,
			);
			runOnlyForDeploymentPostprocessing = 0;
		};
		6A91BE7B22F975C800B37187 /* Frameworks */ = {
			isa = PBXFrameworksBuildPhase;
			buildActionMask = 2147483647;
			files = (
			);
			runOnlyForDeploymentPostprocessing = 0;
		};
		6A91BE8422F975C900B37187 /* Frameworks */ = {
			isa = PBXFrameworksBuildPhase;
			buildActionMask = 2147483647;
			files = (
				6A91BE8822F975C900B37187 /* EssentialFeed.framework in Frameworks */,
			);
			runOnlyForDeploymentPostprocessing = 0;
		};
/* End PBXFrameworksBuildPhase section */

/* Begin PBXGroup section */
		6A7A784323844C1900347F97 /* EssentialFeedAPIEndToEndTests */ = {
			isa = PBXGroup;
			children = (
				6A7A784423844C1900347F97 /* EssentialFeedAPIEndToEndTests.swift */,
				6A7A784623844C1900347F97 /* Info.plist */,
			);
			path = EssentialFeedAPIEndToEndTests;
			sourceTree = "<group>";
		};
		6A91BE7422F975C800B37187 = {
			isa = PBXGroup;
			children = (
				6A91BE8022F975C800B37187 /* EssentialFeed */,
				6A91BE8B22F975C900B37187 /* EssentialFeedTests */,
				6A7A784323844C1900347F97 /* EssentialFeedAPIEndToEndTests */,
				6A91BE7F22F975C800B37187 /* Products */,
			);
			sourceTree = "<group>";
		};
		6A91BE7F22F975C800B37187 /* Products */ = {
			isa = PBXGroup;
			children = (
				6A91BE7E22F975C800B37187 /* EssentialFeed.framework */,
				6A91BE8722F975C900B37187 /* EssentialFeedTests.xctest */,
				6A7A784223844C1900347F97 /* EssentialFeedAPIEndToEndTests.xctest */,
			);
			name = Products;
			sourceTree = "<group>";
		};
		6A91BE8022F975C800B37187 /* EssentialFeed */ = {
			isa = PBXGroup;
			children = (
				6A91BE8222F975C800B37187 /* Info.plist */,
				6A91BE9C22F9773500B37187 /* Feed Feature */,
				6A91BE9F22FB144000B37187 /* Feed API */,
			);
			path = EssentialFeed;
			sourceTree = "<group>";
		};
		6A91BE8B22F975C900B37187 /* EssentialFeedTests */ = {
			isa = PBXGroup;
			children = (
				6A91BE8E22F975C900B37187 /* Info.plist */,
				6AD6B0232338EF21004C9471 /* Feed API */,
			);
			path = EssentialFeedTests;
			sourceTree = "<group>";
		};
		6A91BE9C22F9773500B37187 /* Feed Feature */ = {
			isa = PBXGroup;
			children = (
				6A91BE9822F9761F00B37187 /* FeedItem.swift */,
				6A91BE9A22F976B800B37187 /* FeedLoader.swift */,
			);
			path = "Feed Feature";
			sourceTree = "<group>";
		};
		6A91BE9F22FB144000B37187 /* Feed API */ = {
			isa = PBXGroup;
			children = (
				6A91BEA222FB145D00B37187 /* HTTPClient.swift */,
				6A91BEA022FB145400B37187 /* RemoteFeedLoader.swift */,
				6AD6B0212336EF73004C9471 /* FeedItemMapper.swift */,
				6ADA9E692349771A00C8F98C /* URLSessionHTTPClient.swift */,
			);
			path = "Feed API";
			sourceTree = "<group>";
		};
		6AD6B0232338EF21004C9471 /* Feed API */ = {
			isa = PBXGroup;
			children = (
				6A91BE9D22FA8DE200B37187 /* RemoteFeedLoaderTests.swift */,
				6AD6B024233C2FED004C9471 /* URLSessionHTTPClientTests.swift */,
				6ADA9E662349531A00C8F98C /* Helpers */,
			);
			path = "Feed API";
			sourceTree = "<group>";
		};
		6ADA9E662349531A00C8F98C /* Helpers */ = {
			isa = PBXGroup;
			children = (
				6ADA9E672349535900C8F98C /* XCTestCase+MemoryLeakTraking.swift */,
				6A7A77FB23823A2D00347F97 /* URLProtocolStub.swift */,
			);
			path = Helpers;
			sourceTree = "<group>";
		};
/* End PBXGroup section */

/* Begin PBXHeadersBuildPhase section */
		6A91BE7922F975C800B37187 /* Headers */ = {
			isa = PBXHeadersBuildPhase;
			buildActionMask = 2147483647;
			files = (
			);
			runOnlyForDeploymentPostprocessing = 0;
		};
/* End PBXHeadersBuildPhase section */

/* Begin PBXNativeTarget section */
		6A7A784123844C1900347F97 /* EssentialFeedAPIEndToEndTests */ = {
			isa = PBXNativeTarget;
			buildConfigurationList = 6A7A784C23844C1900347F97 /* Build configuration list for PBXNativeTarget "EssentialFeedAPIEndToEndTests" */;
			buildPhases = (
				6A7A783E23844C1900347F97 /* Sources */,
				6A7A783F23844C1900347F97 /* Frameworks */,
				6A7A784023844C1900347F97 /* Resources */,
			);
			buildRules = (
			);
			dependencies = (
				6A7A784923844C1900347F97 /* PBXTargetDependency */,
			);
			name = EssentialFeedAPIEndToEndTests;
			productName = EssentialFeedAPIEndToEndTests;
			productReference = 6A7A784223844C1900347F97 /* EssentialFeedAPIEndToEndTests.xctest */;
			productType = "com.apple.product-type.bundle.unit-test";
		};
		6A91BE7D22F975C800B37187 /* EssentialFeed */ = {
			isa = PBXNativeTarget;
			buildConfigurationList = 6A91BE9222F975C900B37187 /* Build configuration list for PBXNativeTarget "EssentialFeed" */;
			buildPhases = (
				6A91BE7922F975C800B37187 /* Headers */,
				6A91BE7A22F975C800B37187 /* Sources */,
				6A91BE7B22F975C800B37187 /* Frameworks */,
				6A91BE7C22F975C800B37187 /* Resources */,
			);
			buildRules = (
			);
			dependencies = (
			);
			name = EssentialFeed;
			productName = EssentialFeed;
			productReference = 6A91BE7E22F975C800B37187 /* EssentialFeed.framework */;
			productType = "com.apple.product-type.framework";
		};
		6A91BE8622F975C900B37187 /* EssentialFeedTests */ = {
			isa = PBXNativeTarget;
			buildConfigurationList = 6A91BE9522F975C900B37187 /* Build configuration list for PBXNativeTarget "EssentialFeedTests" */;
			buildPhases = (
				6A91BE8322F975C900B37187 /* Sources */,
				6A91BE8422F975C900B37187 /* Frameworks */,
				6A91BE8522F975C900B37187 /* Resources */,
			);
			buildRules = (
			);
			dependencies = (
				6A91BE8A22F975C900B37187 /* PBXTargetDependency */,
			);
			name = EssentialFeedTests;
			productName = EssentialFeedTests;
			productReference = 6A91BE8722F975C900B37187 /* EssentialFeedTests.xctest */;
			productType = "com.apple.product-type.bundle.unit-test";
		};
/* End PBXNativeTarget section */

/* Begin PBXProject section */
		6A91BE7522F975C800B37187 /* Project object */ = {
			isa = PBXProject;
			attributes = {
				LastSwiftUpdateCheck = 1120;
				LastUpgradeCheck = 1030;
				ORGANIZATIONNAME = AbdullahTH;
				TargetAttributes = {
					6A7A784123844C1900347F97 = {
						CreatedOnToolsVersion = 11.2.1;
					};
					6A91BE7D22F975C800B37187 = {
						CreatedOnToolsVersion = 10.3;
						LastSwiftMigration = 1030;
					};
					6A91BE8622F975C900B37187 = {
						CreatedOnToolsVersion = 10.3;
					};
				};
			};
			buildConfigurationList = 6A91BE7822F975C800B37187 /* Build configuration list for PBXProject "EssentialFeed" */;
			compatibilityVersion = "Xcode 9.3";
			developmentRegion = en;
			hasScannedForEncodings = 0;
			knownRegions = (
				en,
				Base,
			);
			mainGroup = 6A91BE7422F975C800B37187;
			productRefGroup = 6A91BE7F22F975C800B37187 /* Products */;
			projectDirPath = "";
			projectRoot = "";
			targets = (
				6A91BE7D22F975C800B37187 /* EssentialFeed */,
				6A91BE8622F975C900B37187 /* EssentialFeedTests */,
				6A7A784123844C1900347F97 /* EssentialFeedAPIEndToEndTests */,
			);
		};
/* End PBXProject section */

/* Begin PBXResourcesBuildPhase section */
		6A7A784023844C1900347F97 /* Resources */ = {
			isa = PBXResourcesBuildPhase;
			buildActionMask = 2147483647;
			files = (
			);
			runOnlyForDeploymentPostprocessing = 0;
		};
		6A91BE7C22F975C800B37187 /* Resources */ = {
			isa = PBXResourcesBuildPhase;
			buildActionMask = 2147483647;
			files = (
			);
			runOnlyForDeploymentPostprocessing = 0;
		};
		6A91BE8522F975C900B37187 /* Resources */ = {
			isa = PBXResourcesBuildPhase;
			buildActionMask = 2147483647;
			files = (
			);
			runOnlyForDeploymentPostprocessing = 0;
		};
/* End PBXResourcesBuildPhase section */

/* Begin PBXSourcesBuildPhase section */
		6A7A783E23844C1900347F97 /* Sources */ = {
			isa = PBXSourcesBuildPhase;
			buildActionMask = 2147483647;
			files = (
				6A7A784523844C1900347F97 /* EssentialFeedAPIEndToEndTests.swift in Sources */,
			);
			runOnlyForDeploymentPostprocessing = 0;
		};
		6A91BE7A22F975C800B37187 /* Sources */ = {
			isa = PBXSourcesBuildPhase;
			buildActionMask = 2147483647;
			files = (
				6A91BE9B22F976B800B37187 /* FeedLoader.swift in Sources */,
				6AD6B0222336EF73004C9471 /* FeedItemMapper.swift in Sources */,
				6A91BEA122FB145400B37187 /* RemoteFeedLoader.swift in Sources */,
				6A91BEA322FB145D00B37187 /* HTTPClient.swift in Sources */,
				6A91BE9922F9761F00B37187 /* FeedItem.swift in Sources */,
				6ADA9E6A2349771A00C8F98C /* URLSessionHTTPClient.swift in Sources */,
			);
			runOnlyForDeploymentPostprocessing = 0;
		};
		6A91BE8322F975C900B37187 /* Sources */ = {
			isa = PBXSourcesBuildPhase;
			buildActionMask = 2147483647;
			files = (
				6A91BE9E22FA8DE200B37187 /* RemoteFeedLoaderTests.swift in Sources */,
				6AD6B025233C2FED004C9471 /* URLSessionHTTPClientTests.swift in Sources */,
				6ADA9E682349535900C8F98C /* XCTestCase+MemoryLeakTraking.swift in Sources */,
				6A7A77FC23823A2D00347F97 /* URLProtocolStub.swift in Sources */,
			);
			runOnlyForDeploymentPostprocessing = 0;
		};
/* End PBXSourcesBuildPhase section */

/* Begin PBXTargetDependency section */
		6A7A784923844C1900347F97 /* PBXTargetDependency */ = {
			isa = PBXTargetDependency;
			target = 6A91BE7D22F975C800B37187 /* EssentialFeed */;
			targetProxy = 6A7A784823844C1900347F97 /* PBXContainerItemProxy */;
		};
		6A91BE8A22F975C900B37187 /* PBXTargetDependency */ = {
			isa = PBXTargetDependency;
			target = 6A91BE7D22F975C800B37187 /* EssentialFeed */;
			targetProxy = 6A91BE8922F975C900B37187 /* PBXContainerItemProxy */;
		};
/* End PBXTargetDependency section */

/* Begin XCBuildConfiguration section */
		6A7A784A23844C1900347F97 /* Debug */ = {
			isa = XCBuildConfiguration;
			buildSettings = {
				ALWAYS_EMBED_SWIFT_STANDARD_LIBRARIES = YES;
				CODE_SIGN_STYLE = Automatic;
				COMBINE_HIDPI_IMAGES = YES;
				DEVELOPMENT_TEAM = D9R8TL67SJ;
				INFOPLIST_FILE = EssentialFeedAPIEndToEndTests/Info.plist;
				LD_RUNPATH_SEARCH_PATHS = (
					"$(inherited)",
					"@executable_path/../Frameworks",
					"@loader_path/../Frameworks",
				);
				MACOSX_DEPLOYMENT_TARGET = 10.14;
				PRODUCT_BUNDLE_IDENTIFIER = Abdullah.th.EssentialFeedAPIEndToEndTests;
				PRODUCT_NAME = "$(TARGET_NAME)";
				SWIFT_VERSION = 5.0;
			};
			name = Debug;
		};
		6A7A784B23844C1900347F97 /* Release */ = {
			isa = XCBuildConfiguration;
			buildSettings = {
				ALWAYS_EMBED_SWIFT_STANDARD_LIBRARIES = YES;
				CODE_SIGN_STYLE = Automatic;
				COMBINE_HIDPI_IMAGES = YES;
				DEVELOPMENT_TEAM = D9R8TL67SJ;
				INFOPLIST_FILE = EssentialFeedAPIEndToEndTests/Info.plist;
				LD_RUNPATH_SEARCH_PATHS = (
					"$(inherited)",
					"@executable_path/../Frameworks",
					"@loader_path/../Frameworks",
				);
				MACOSX_DEPLOYMENT_TARGET = 10.14;
				PRODUCT_BUNDLE_IDENTIFIER = Abdullah.th.EssentialFeedAPIEndToEndTests;
				PRODUCT_NAME = "$(TARGET_NAME)";
				SWIFT_VERSION = 5.0;
			};
			name = Release;
		};
		6A91BE9022F975C900B37187 /* Debug */ = {
			isa = XCBuildConfiguration;
			buildSettings = {
				ALWAYS_SEARCH_USER_PATHS = NO;
				CLANG_ANALYZER_NONNULL = YES;
				CLANG_ANALYZER_NUMBER_OBJECT_CONVERSION = YES_AGGRESSIVE;
				CLANG_CXX_LANGUAGE_STANDARD = "gnu++14";
				CLANG_CXX_LIBRARY = "libc++";
				CLANG_ENABLE_MODULES = YES;
				CLANG_ENABLE_OBJC_ARC = YES;
				CLANG_ENABLE_OBJC_WEAK = YES;
				CLANG_WARN_BLOCK_CAPTURE_AUTORELEASING = YES;
				CLANG_WARN_BOOL_CONVERSION = YES;
				CLANG_WARN_COMMA = YES;
				CLANG_WARN_CONSTANT_CONVERSION = YES;
				CLANG_WARN_DEPRECATED_OBJC_IMPLEMENTATIONS = YES;
				CLANG_WARN_DIRECT_OBJC_ISA_USAGE = YES_ERROR;
				CLANG_WARN_DOCUMENTATION_COMMENTS = YES;
				CLANG_WARN_EMPTY_BODY = YES;
				CLANG_WARN_ENUM_CONVERSION = YES;
				CLANG_WARN_INFINITE_RECURSION = YES;
				CLANG_WARN_INT_CONVERSION = YES;
				CLANG_WARN_NON_LITERAL_NULL_CONVERSION = YES;
				CLANG_WARN_OBJC_IMPLICIT_RETAIN_SELF = YES;
				CLANG_WARN_OBJC_LITERAL_CONVERSION = YES;
				CLANG_WARN_OBJC_ROOT_CLASS = YES_ERROR;
				CLANG_WARN_RANGE_LOOP_ANALYSIS = YES;
				CLANG_WARN_STRICT_PROTOTYPES = YES;
				CLANG_WARN_SUSPICIOUS_MOVE = YES;
				CLANG_WARN_UNGUARDED_AVAILABILITY = YES_AGGRESSIVE;
				CLANG_WARN_UNREACHABLE_CODE = YES;
				CLANG_WARN__DUPLICATE_METHOD_MATCH = YES;
				CODE_SIGN_IDENTITY = "Mac Developer";
				COPY_PHASE_STRIP = NO;
				CURRENT_PROJECT_VERSION = 1;
				DEBUG_INFORMATION_FORMAT = dwarf;
				ENABLE_STRICT_OBJC_MSGSEND = YES;
				ENABLE_TESTABILITY = YES;
				GCC_C_LANGUAGE_STANDARD = gnu11;
				GCC_DYNAMIC_NO_PIC = NO;
				GCC_NO_COMMON_BLOCKS = YES;
				GCC_OPTIMIZATION_LEVEL = 0;
				GCC_PREPROCESSOR_DEFINITIONS = (
					"DEBUG=1",
					"$(inherited)",
				);
				GCC_WARN_64_TO_32_BIT_CONVERSION = YES;
				GCC_WARN_ABOUT_RETURN_TYPE = YES_ERROR;
				GCC_WARN_UNDECLARED_SELECTOR = YES;
				GCC_WARN_UNINITIALIZED_AUTOS = YES_AGGRESSIVE;
				GCC_WARN_UNUSED_FUNCTION = YES;
				GCC_WARN_UNUSED_VARIABLE = YES;
				MACOSX_DEPLOYMENT_TARGET = 10.14;
				MTL_ENABLE_DEBUG_INFO = INCLUDE_SOURCE;
				MTL_FAST_MATH = YES;
				ONLY_ACTIVE_ARCH = YES;
				SDKROOT = macosx;
				SWIFT_ACTIVE_COMPILATION_CONDITIONS = DEBUG;
				SWIFT_OPTIMIZATION_LEVEL = "-Onone";
				VERSIONING_SYSTEM = "apple-generic";
				VERSION_INFO_PREFIX = "";
			};
			name = Debug;
		};
		6A91BE9122F975C900B37187 /* Release */ = {
			isa = XCBuildConfiguration;
			buildSettings = {
				ALWAYS_SEARCH_USER_PATHS = NO;
				CLANG_ANALYZER_NONNULL = YES;
				CLANG_ANALYZER_NUMBER_OBJECT_CONVERSION = YES_AGGRESSIVE;
				CLANG_CXX_LANGUAGE_STANDARD = "gnu++14";
				CLANG_CXX_LIBRARY = "libc++";
				CLANG_ENABLE_MODULES = YES;
				CLANG_ENABLE_OBJC_ARC = YES;
				CLANG_ENABLE_OBJC_WEAK = YES;
				CLANG_WARN_BLOCK_CAPTURE_AUTORELEASING = YES;
				CLANG_WARN_BOOL_CONVERSION = YES;
				CLANG_WARN_COMMA = YES;
				CLANG_WARN_CONSTANT_CONVERSION = YES;
				CLANG_WARN_DEPRECATED_OBJC_IMPLEMENTATIONS = YES;
				CLANG_WARN_DIRECT_OBJC_ISA_USAGE = YES_ERROR;
				CLANG_WARN_DOCUMENTATION_COMMENTS = YES;
				CLANG_WARN_EMPTY_BODY = YES;
				CLANG_WARN_ENUM_CONVERSION = YES;
				CLANG_WARN_INFINITE_RECURSION = YES;
				CLANG_WARN_INT_CONVERSION = YES;
				CLANG_WARN_NON_LITERAL_NULL_CONVERSION = YES;
				CLANG_WARN_OBJC_IMPLICIT_RETAIN_SELF = YES;
				CLANG_WARN_OBJC_LITERAL_CONVERSION = YES;
				CLANG_WARN_OBJC_ROOT_CLASS = YES_ERROR;
				CLANG_WARN_RANGE_LOOP_ANALYSIS = YES;
				CLANG_WARN_STRICT_PROTOTYPES = YES;
				CLANG_WARN_SUSPICIOUS_MOVE = YES;
				CLANG_WARN_UNGUARDED_AVAILABILITY = YES_AGGRESSIVE;
				CLANG_WARN_UNREACHABLE_CODE = YES;
				CLANG_WARN__DUPLICATE_METHOD_MATCH = YES;
				CODE_SIGN_IDENTITY = "Mac Developer";
				COPY_PHASE_STRIP = NO;
				CURRENT_PROJECT_VERSION = 1;
				DEBUG_INFORMATION_FORMAT = "dwarf-with-dsym";
				ENABLE_NS_ASSERTIONS = NO;
				ENABLE_STRICT_OBJC_MSGSEND = YES;
				GCC_C_LANGUAGE_STANDARD = gnu11;
				GCC_NO_COMMON_BLOCKS = YES;
				GCC_WARN_64_TO_32_BIT_CONVERSION = YES;
				GCC_WARN_ABOUT_RETURN_TYPE = YES_ERROR;
				GCC_WARN_UNDECLARED_SELECTOR = YES;
				GCC_WARN_UNINITIALIZED_AUTOS = YES_AGGRESSIVE;
				GCC_WARN_UNUSED_FUNCTION = YES;
				GCC_WARN_UNUSED_VARIABLE = YES;
				MACOSX_DEPLOYMENT_TARGET = 10.14;
				MTL_ENABLE_DEBUG_INFO = NO;
				MTL_FAST_MATH = YES;
				SDKROOT = macosx;
				SWIFT_COMPILATION_MODE = wholemodule;
				SWIFT_OPTIMIZATION_LEVEL = "-O";
				VERSIONING_SYSTEM = "apple-generic";
				VERSION_INFO_PREFIX = "";
			};
			name = Release;
		};
		6A91BE9322F975C900B37187 /* Debug */ = {
			isa = XCBuildConfiguration;
			buildSettings = {
				CLANG_ENABLE_MODULES = YES;
				CODE_SIGN_IDENTITY = "";
				CODE_SIGN_STYLE = Automatic;
				COMBINE_HIDPI_IMAGES = YES;
				DEFINES_MODULE = YES;
				DEVELOPMENT_TEAM = G9893MU9BC;
				DYLIB_COMPATIBILITY_VERSION = 1;
				DYLIB_CURRENT_VERSION = 1;
				DYLIB_INSTALL_NAME_BASE = "@rpath";
				FRAMEWORK_VERSION = A;
				INFOPLIST_FILE = EssentialFeed/Info.plist;
				INSTALL_PATH = "$(LOCAL_LIBRARY_DIR)/Frameworks";
				LD_RUNPATH_SEARCH_PATHS = (
					"$(inherited)",
					"@executable_path/../Frameworks",
					"@loader_path/Frameworks",
				);
				PRODUCT_BUNDLE_IDENTIFIER = Abdullah.th.EssentialFeed;
				PRODUCT_NAME = "$(TARGET_NAME:c99extidentifier)";
				SKIP_INSTALL = YES;
				SWIFT_OPTIMIZATION_LEVEL = "-Onone";
				SWIFT_VERSION = 5.0;
			};
			name = Debug;
		};
		6A91BE9422F975C900B37187 /* Release */ = {
			isa = XCBuildConfiguration;
			buildSettings = {
				CLANG_ENABLE_MODULES = YES;
				CODE_SIGN_IDENTITY = "";
				CODE_SIGN_STYLE = Automatic;
				COMBINE_HIDPI_IMAGES = YES;
				DEFINES_MODULE = YES;
				DEVELOPMENT_TEAM = G9893MU9BC;
				DYLIB_COMPATIBILITY_VERSION = 1;
				DYLIB_CURRENT_VERSION = 1;
				DYLIB_INSTALL_NAME_BASE = "@rpath";
				FRAMEWORK_VERSION = A;
				INFOPLIST_FILE = EssentialFeed/Info.plist;
				INSTALL_PATH = "$(LOCAL_LIBRARY_DIR)/Frameworks";
				LD_RUNPATH_SEARCH_PATHS = (
					"$(inherited)",
					"@executable_path/../Frameworks",
					"@loader_path/Frameworks",
				);
				PRODUCT_BUNDLE_IDENTIFIER = Abdullah.th.EssentialFeed;
				PRODUCT_NAME = "$(TARGET_NAME:c99extidentifier)";
				SKIP_INSTALL = YES;
				SWIFT_VERSION = 5.0;
			};
			name = Release;
		};
		6A91BE9622F975C900B37187 /* Debug */ = {
			isa = XCBuildConfiguration;
			buildSettings = {
				ALWAYS_EMBED_SWIFT_STANDARD_LIBRARIES = YES;
				CODE_SIGN_STYLE = Automatic;
				COMBINE_HIDPI_IMAGES = YES;
				DEVELOPMENT_TEAM = G9893MU9BC;
				INFOPLIST_FILE = EssentialFeedTests/Info.plist;
				LD_RUNPATH_SEARCH_PATHS = (
					"$(inherited)",
					"@executable_path/../Frameworks",
					"@loader_path/../Frameworks",
				);
				PRODUCT_BUNDLE_IDENTIFIER = Abdullah.th.EssentialFeedTests;
				PRODUCT_NAME = "$(TARGET_NAME)";
				SWIFT_VERSION = 5.0;
			};
			name = Debug;
		};
		6A91BE9722F975C900B37187 /* Release */ = {
			isa = XCBuildConfiguration;
			buildSettings = {
				ALWAYS_EMBED_SWIFT_STANDARD_LIBRARIES = YES;
				CODE_SIGN_STYLE = Automatic;
				COMBINE_HIDPI_IMAGES = YES;
				DEVELOPMENT_TEAM = G9893MU9BC;
				INFOPLIST_FILE = EssentialFeedTests/Info.plist;
				LD_RUNPATH_SEARCH_PATHS = (
					"$(inherited)",
					"@executable_path/../Frameworks",
					"@loader_path/../Frameworks",
				);
				PRODUCT_BUNDLE_IDENTIFIER = Abdullah.th.EssentialFeedTests;
				PRODUCT_NAME = "$(TARGET_NAME)";
				SWIFT_VERSION = 5.0;
			};
			name = Release;
		};
/* End XCBuildConfiguration section */

/* Begin XCConfigurationList section */
		6A7A784C23844C1900347F97 /* Build configuration list for PBXNativeTarget "EssentialFeedAPIEndToEndTests" */ = {
			isa = XCConfigurationList;
			buildConfigurations = (
				6A7A784A23844C1900347F97 /* Debug */,
				6A7A784B23844C1900347F97 /* Release */,
			);
			defaultConfigurationIsVisible = 0;
			defaultConfigurationName = Release;
		};
		6A91BE7822F975C800B37187 /* Build configuration list for PBXProject "EssentialFeed" */ = {
			isa = XCConfigurationList;
			buildConfigurations = (
				6A91BE9022F975C900B37187 /* Debug */,
				6A91BE9122F975C900B37187 /* Release */,
			);
			defaultConfigurationIsVisible = 0;
			defaultConfigurationName = Release;
		};
		6A91BE9222F975C900B37187 /* Build configuration list for PBXNativeTarget "EssentialFeed" */ = {
			isa = XCConfigurationList;
			buildConfigurations = (
				6A91BE9322F975C900B37187 /* Debug */,
				6A91BE9422F975C900B37187 /* Release */,
			);
			defaultConfigurationIsVisible = 0;
			defaultConfigurationName = Release;
		};
		6A91BE9522F975C900B37187 /* Build configuration list for PBXNativeTarget "EssentialFeedTests" */ = {
			isa = XCConfigurationList;
			buildConfigurations = (
				6A91BE9622F975C900B37187 /* Debug */,
				6A91BE9722F975C900B37187 /* Release */,
			);
			defaultConfigurationIsVisible = 0;
			defaultConfigurationName = Release;
		};
/* End XCConfigurationList section */
	};
	rootObject = 6A91BE7522F975C800B37187 /* Project object */;
}
